
Microsoft Visual Studio Solution File, Format Version 12.00
# Visual Studio 15
VisualStudioVersion = 15.0.27130.2027
MinimumVisualStudioVersion = 10.0.40219.1
Project("{9A19103F-16F7-4668-BE54-9A1E7A4F7556}") = "Beety", "Beety\Beety.csproj", "{1AE5546E-A2B3-4677-AAB2-15A488559E5F}"
EndProject
Project("{2150E333-8FDC-42A3-9474-1A3956D46DE8}") = "3.DataAccess", "3.DataAccess", "{FB4028B7-343E-4B19-862F-341F5C1B7806}"
EndProject
Project("{2150E333-8FDC-42A3-9474-1A3956D46DE8}") = "1.Common", "1.Common", "{BC2FCDF3-6807-4A7A-B7C1-191491CED34A}"
EndProject
Project("{2150E333-8FDC-42A3-9474-1A3956D46DE8}") = "4.Services", "4.Services", "{B743B614-9A50-426D-8768-A138FF3B84F4}"
EndProject
Project("{2150E333-8FDC-42A3-9474-1A3956D46DE8}") = "5.Integration", "5.Integration", "{EAD2DC62-6348-4F42-8FCF-3954029D9055}"
EndProject
Project("{2150E333-8FDC-42A3-9474-1A3956D46DE8}") = "Development", "Development", "{C8A9DD78-662C-423F-B311-E548D267F060}"
EndProject
Project("{2150E333-8FDC-42A3-9474-1A3956D46DE8}") = "6.Deployable", "6.Deployable", "{87B6AA44-9972-4182-B3B3-C67C8A675707}"
EndProject
Project("{2150E333-8FDC-42A3-9474-1A3956D46DE8}") = "2.Model", "2.Model", "{E45BF4AF-1BB3-4F2E-8308-13A2D0D423FA}"
EndProject
Project("{9A19103F-16F7-4668-BE54-9A1E7A4F7556}") = "Models", "Models\Models.csproj", "{4D34428A-A710-4B26-B41E-9D52F88C2023}"
EndProject
Project("{9A19103F-16F7-4668-BE54-9A1E7A4F7556}") = "DataAccess", "DataAccess\DataAccess.csproj", "{69DDF5ED-F438-465E-8D0C-E315E8CDB4AE}"
EndProject
Project("{9A19103F-16F7-4668-BE54-9A1E7A4F7556}") = "DatabaseMigrations", "DatabaseMigrations\DatabaseMigrations.csproj", "{821A6E4E-AD28-412F-9796-855EAA020119}"
EndProject
Project("{9A19103F-16F7-4668-BE54-9A1E7A4F7556}") = "Services", "Services\Services.csproj", "{4FFE816E-9943-457F-A7F7-FF4E28579E97}"
EndProject
Project("{9A19103F-16F7-4668-BE54-9A1E7A4F7556}") = "Common", "Common\Common.csproj", "{203CA1A6-41E8-4514-86A7-9064D0D871E8}"
EndProject
Project("{FAE04EC0-301F-11D3-BF4B-00C04F79EFBC}") = "ServiceFacade", "ServiceFacade\ServiceFacade.csproj", "{7C75AF1D-5A1E-4DE5-8B82-319605902242}"
EndProject
Global
	GlobalSection(SolutionConfigurationPlatforms) = preSolution
		Debug|Any CPU = Debug|Any CPU
		Release|Any CPU = Release|Any CPU
	EndGlobalSection
	GlobalSection(ProjectConfigurationPlatforms) = postSolution
		{1AE5546E-A2B3-4677-AAB2-15A488559E5F}.Debug|Any CPU.ActiveCfg = Debug|Any CPU
		{1AE5546E-A2B3-4677-AAB2-15A488559E5F}.Debug|Any CPU.Build.0 = Debug|Any CPU
		{1AE5546E-A2B3-4677-AAB2-15A488559E5F}.Release|Any CPU.ActiveCfg = Release|Any CPU
		{1AE5546E-A2B3-4677-AAB2-15A488559E5F}.Release|Any CPU.Build.0 = Release|Any CPU
		{4D34428A-A710-4B26-B41E-9D52F88C2023}.Debug|Any CPU.ActiveCfg = Debug|Any CPU
		{4D34428A-A710-4B26-B41E-9D52F88C2023}.Debug|Any CPU.Build.0 = Debug|Any CPU
		{4D34428A-A710-4B26-B41E-9D52F88C2023}.Release|Any CPU.ActiveCfg = Release|Any CPU
		{4D34428A-A710-4B26-B41E-9D52F88C2023}.Release|Any CPU.Build.0 = Release|Any CPU
		{69DDF5ED-F438-465E-8D0C-E315E8CDB4AE}.Debug|Any CPU.ActiveCfg = Debug|Any CPU
		{69DDF5ED-F438-465E-8D0C-E315E8CDB4AE}.Debug|Any CPU.Build.0 = Debug|Any CPU
		{69DDF5ED-F438-465E-8D0C-E315E8CDB4AE}.Release|Any CPU.ActiveCfg = Release|Any CPU
		{69DDF5ED-F438-465E-8D0C-E315E8CDB4AE}.Release|Any CPU.Build.0 = Release|Any CPU
		{821A6E4E-AD28-412F-9796-855EAA020119}.Debug|Any CPU.ActiveCfg = Debug|Any CPU
		{821A6E4E-AD28-412F-9796-855EAA020119}.Debug|Any CPU.Build.0 = Debug|Any CPU
		{821A6E4E-AD28-412F-9796-855EAA020119}.Release|Any CPU.ActiveCfg = Release|Any CPU
		{821A6E4E-AD28-412F-9796-855EAA020119}.Release|Any CPU.Build.0 = Release|Any CPU
		{4FFE816E-9943-457F-A7F7-FF4E28579E97}.Debug|Any CPU.ActiveCfg = Debug|Any CPU
		{4FFE816E-9943-457F-A7F7-FF4E28579E97}.Debug|Any CPU.Build.0 = Debug|Any CPU
		{4FFE816E-9943-457F-A7F7-FF4E28579E97}.Release|Any CPU.ActiveCfg = Release|Any CPU
		{4FFE816E-9943-457F-A7F7-FF4E28579E97}.Release|Any CPU.Build.0 = Release|Any CPU
		{203CA1A6-41E8-4514-86A7-9064D0D871E8}.Debug|Any CPU.ActiveCfg = Debug|Any CPU
		{203CA1A6-41E8-4514-86A7-9064D0D871E8}.Debug|Any CPU.Build.0 = Debug|Any CPU
		{203CA1A6-41E8-4514-86A7-9064D0D871E8}.Release|Any CPU.ActiveCfg = Release|Any CPU
		{203CA1A6-41E8-4514-86A7-9064D0D871E8}.Release|Any CPU.Build.0 = Release|Any CPU
		{7C75AF1D-5A1E-4DE5-8B82-319605902242}.Debug|Any CPU.ActiveCfg = Debug|Any CPU
		{7C75AF1D-5A1E-4DE5-8B82-319605902242}.Debug|Any CPU.Build.0 = Debug|Any CPU
		{7C75AF1D-5A1E-4DE5-8B82-319605902242}.Release|Any CPU.ActiveCfg = Release|Any CPU
		{7C75AF1D-5A1E-4DE5-8B82-319605902242}.Release|Any CPU.Build.0 = Release|Any CPU
	EndGlobalSection
	GlobalSection(SolutionProperties) = preSolution
		HideSolutionNode = FALSE
	EndGlobalSection
	GlobalSection(NestedProjects) = preSolution
		{1AE5546E-A2B3-4677-AAB2-15A488559E5F} = {87B6AA44-9972-4182-B3B3-C67C8A675707}
		{FB4028B7-343E-4B19-862F-341F5C1B7806} = {C8A9DD78-662C-423F-B311-E548D267F060}
		{BC2FCDF3-6807-4A7A-B7C1-191491CED34A} = {C8A9DD78-662C-423F-B311-E548D267F060}
		{B743B614-9A50-426D-8768-A138FF3B84F4} = {C8A9DD78-662C-423F-B311-E548D267F060}
		{EAD2DC62-6348-4F42-8FCF-3954029D9055} = {C8A9DD78-662C-423F-B311-E548D267F060}
		{87B6AA44-9972-4182-B3B3-C67C8A675707} = {C8A9DD78-662C-423F-B311-E548D267F060}
		{E45BF4AF-1BB3-4F2E-8308-13A2D0D423FA} = {C8A9DD78-662C-423F-B311-E548D267F060}
		{4D34428A-A710-4B26-B41E-9D52F88C2023} = {E45BF4AF-1BB3-4F2E-8308-13A2D0D423FA}
		{69DDF5ED-F438-465E-8D0C-E315E8CDB4AE} = {FB4028B7-343E-4B19-862F-341F5C1B7806}
		{821A6E4E-AD28-412F-9796-855EAA020119} = {FB4028B7-343E-4B19-862F-341F5C1B7806}
		{4FFE816E-9943-457F-A7F7-FF4E28579E97} = {B743B614-9A50-426D-8768-A138FF3B84F4}
		{203CA1A6-41E8-4514-86A7-9064D0D871E8} = {BC2FCDF3-6807-4A7A-B7C1-191491CED34A}
		{7C75AF1D-5A1E-4DE5-8B82-319605902242} = {B743B614-9A50-426D-8768-A138FF3B84F4}
	EndGlobalSection
	GlobalSection(ExtensibilityGlobals) = postSolution
		SolutionGuid = {3249020D-6F77-4C4A-970E-74A412CE9D7A}
	EndGlobalSection
EndGlobal
